// !$*UTF8*$!
{
	archiveVersion = 1;
	classes = {
	};
	objectVersion = 46;
	objects = {

/* Begin PBXBuildFile section */
		7906F192C13B3ED77EA61230 /* Pods_TestReactiveCocoaIntsall.framework in Frameworks */ = {isa = PBXBuildFile; fileRef = 7DF335400BF8BCA039813C93 /* Pods_TestReactiveCocoaIntsall.framework */; };
		B13F0E661D1AEB7C0004DAC0 /* AppDelegate.swift in Sources */ = {isa = PBXBuildFile; fileRef = B13F0E651D1AEB7C0004DAC0 /* AppDelegate.swift */; };
		B13F0E681D1AEB7C0004DAC0 /* ViewController.swift in Sources */ = {isa = PBXBuildFile; fileRef = B13F0E671D1AEB7C0004DAC0 /* ViewController.swift */; };
		B13F0E6B1D1AEB7C0004DAC0 /* Main.storyboard in Resources */ = {isa = PBXBuildFile; fileRef = B13F0E691D1AEB7C0004DAC0 /* Main.storyboard */; };
		B13F0E6D1D1AEB7C0004DAC0 /* Assets.xcassets in Resources */ = {isa = PBXBuildFile; fileRef = B13F0E6C1D1AEB7C0004DAC0 /* Assets.xcassets */; };
		B13F0E701D1AEB7C0004DAC0 /* LaunchScreen.storyboard in Resources */ = {isa = PBXBuildFile; fileRef = B13F0E6E1D1AEB7C0004DAC0 /* LaunchScreen.storyboard */; };
/* End PBXBuildFile section */

/* Begin PBXFileReference section */
		33E6013A27B97E9CC81AD057 /* Pods-TestReactiveCocoaIntsall.debug.xcconfig */ = {isa = PBXFileReference; includeInIndex = 1; lastKnownFileType = text.xcconfig; name = "Pods-TestReactiveCocoaIntsall.debug.xcconfig"; path = "Pods/Target Support Files/Pods-TestReactiveCocoaIntsall/Pods-TestReactiveCocoaIntsall.debug.xcconfig"; sourceTree = "<group>"; };
		7DF335400BF8BCA039813C93 /* Pods_TestReactiveCocoaIntsall.framework */ = {isa = PBXFileReference; explicitFileType = wrapper.framework; includeInIndex = 0; path = Pods_TestReactiveCocoaIntsall.framework; sourceTree = BUILT_PRODUCTS_DIR; };
		92ED9FC175C64BB98476FC24 /* Pods-TestReactiveCocoaIntsall.release.xcconfig */ = {isa = PBXFileReference; includeInIndex = 1; lastKnownFileType = text.xcconfig; name = "Pods-TestReactiveCocoaIntsall.release.xcconfig"; path = "Pods/Target Support Files/Pods-TestReactiveCocoaIntsall/Pods-TestReactiveCocoaIntsall.release.xcconfig"; sourceTree = "<group>"; };
		B13F0E621D1AEB7B0004DAC0 /* TestReactiveCocoaIntsall.app */ = {isa = PBXFileReference; explicitFileType = wrapper.application; includeInIndex = 0; path = TestReactiveCocoaIntsall.app; sourceTree = BUILT_PRODUCTS_DIR; };
		B13F0E651D1AEB7C0004DAC0 /* AppDelegate.swift */ = {isa = PBXFileReference; lastKnownFileType = sourcecode.swift; path = AppDelegate.swift; sourceTree = "<group>"; };
		B13F0E671D1AEB7C0004DAC0 /* ViewController.swift */ = {isa = PBXFileReference; lastKnownFileType = sourcecode.swift; path = ViewController.swift; sourceTree = "<group>"; };
		B13F0E6A1D1AEB7C0004DAC0 /* Base */ = {isa = PBXFileReference; lastKnownFileType = file.storyboard; name = Base; path = Base.lproj/Main.storyboard; sourceTree = "<group>"; };
		B13F0E6C1D1AEB7C0004DAC0 /* Assets.xcassets */ = {isa = PBXFileReference; lastKnownFileType = folder.assetcatalog; path = Assets.xcassets; sourceTree = "<group>"; };
		B13F0E6F1D1AEB7C0004DAC0 /* Base */ = {isa = PBXFileReference; lastKnownFileType = file.storyboard; name = Base; path = Base.lproj/LaunchScreen.storyboard; sourceTree = "<group>"; };
		B13F0E711D1AEB7C0004DAC0 /* Info.plist */ = {isa = PBXFileReference; lastKnownFileType = text.plist.xml; path = Info.plist; sourceTree = "<group>"; };
/* End PBXFileReference section */

/* Begin PBXFrameworksBuildPhase section */
		B13F0E5F1D1AEB7B0004DAC0 /* Frameworks */ = {
			isa = PBXFrameworksBuildPhase;
			buildActionMask = 2147483647;
			files = (
				7906F192C13B3ED77EA61230 /* Pods_TestReactiveCocoaIntsall.framework in Frameworks */,
			);
			runOnlyForDeploymentPostprocessing = 0;
		};
/* End PBXFrameworksBuildPhase section */

/* Begin PBXGroup section */
		22FF6EABA96F11AAF77B74C3 /* Pods */ = {
			isa = PBXGroup;
			children = (
				33E6013A27B97E9CC81AD057 /* Pods-TestReactiveCocoaIntsall.debug.xcconfig */,
				92ED9FC175C64BB98476FC24 /* Pods-TestReactiveCocoaIntsall.release.xcconfig */,
			);
			name = Pods;
			sourceTree = "<group>";
		};
		B13F0E591D1AEB7B0004DAC0 = {
			isa = PBXGroup;
			children = (
				B13F0E641D1AEB7C0004DAC0 /* TestReactiveCocoaIntsall */,
				B13F0E631D1AEB7B0004DAC0 /* Products */,
				22FF6EABA96F11AAF77B74C3 /* Pods */,
				E663D4E27DB8251469F391B4 /* Frameworks */,
			);
			sourceTree = "<group>";
		};
		B13F0E631D1AEB7B0004DAC0 /* Products */ = {
			isa = PBXGroup;
			children = (
				B13F0E621D1AEB7B0004DAC0 /* TestReactiveCocoaIntsall.app */,
			);
			name = Products;
			sourceTree = "<group>";
		};
		B13F0E641D1AEB7C0004DAC0 /* TestReactiveCocoaIntsall */ = {
			isa = PBXGroup;
			children = (
				B13F0E651D1AEB7C0004DAC0 /* AppDelegate.swift */,
				B13F0E671D1AEB7C0004DAC0 /* ViewController.swift */,
				B13F0E691D1AEB7C0004DAC0 /* Main.storyboard */,
				B13F0E6C1D1AEB7C0004DAC0 /* Assets.xcassets */,
				B13F0E6E1D1AEB7C0004DAC0 /* LaunchScreen.storyboard */,
				B13F0E711D1AEB7C0004DAC0 /* Info.plist */,
			);
			path = TestReactiveCocoaIntsall;
			sourceTree = "<group>";
		};
		E663D4E27DB8251469F391B4 /* Frameworks */ = {
			isa = PBXGroup;
			children = (
				7DF335400BF8BCA039813C93 /* Pods_TestReactiveCocoaIntsall.framework */,
			);
			name = Frameworks;
			sourceTree = "<group>";
		};
/* End PBXGroup section */

/* Begin PBXNativeTarget section */
		B13F0E611D1AEB7B0004DAC0 /* TestReactiveCocoaIntsall */ = {
			isa = PBXNativeTarget;
			buildConfigurationList = B13F0E741D1AEB7C0004DAC0 /* Build configuration list for PBXNativeTarget "TestReactiveCocoaIntsall" */;
			buildPhases = (
				DA8F6FB2522EE30EE6C0D911 /* [CP] Check Pods Manifest.lock */,
				B13F0E5E1D1AEB7B0004DAC0 /* Sources */,
				B13F0E5F1D1AEB7B0004DAC0 /* Frameworks */,
				B13F0E601D1AEB7B0004DAC0 /* Resources */,
				DB85A2E385D9038E651DF85F /* [CP] Embed Pods Frameworks */,
				D312A69C3196FC0550EC6233 /* [CP] Copy Pods Resources */,
			);
			buildRules = (
			);
			dependencies = (
			);
			name = TestReactiveCocoaIntsall;
			productName = TestReactiveCocoaIntsall;
			productReference = B13F0E621D1AEB7B0004DAC0 /* TestReactiveCocoaIntsall.app */;
			productType = "com.apple.product-type.application";
		};
/* End PBXNativeTarget section */

/* Begin PBXProject section */
		B13F0E5A1D1AEB7B0004DAC0 /* Project object */ = {
			isa = PBXProject;
			attributes = {
				LastSwiftUpdateCheck = 0730;
				LastUpgradeCheck = 0730;
				ORGANIZATIONNAME = "John Lin";
				TargetAttributes = {
					B13F0E611D1AEB7B0004DAC0 = {
						CreatedOnToolsVersion = 7.3.1;
					};
				};
			};
			buildConfigurationList = B13F0E5D1D1AEB7B0004DAC0 /* Build configuration list for PBXProject "TestReactiveCocoaIntsall" */;
			compatibilityVersion = "Xcode 3.2";
			developmentRegion = English;
			hasScannedForEncodings = 0;
			knownRegions = (
				en,
				Base,
			);
			mainGroup = B13F0E591D1AEB7B0004DAC0;
			productRefGroup = B13F0E631D1AEB7B0004DAC0 /* Products */;
			projectDirPath = "";
			projectRoot = "";
			targets = (
				B13F0E611D1AEB7B0004DAC0 /* TestReactiveCocoaIntsall */,
			);
		};
/* End PBXProject section */

/* Begin PBXResourcesBuildPhase section */
		B13F0E601D1AEB7B0004DAC0 /* Resources */ = {
			isa = PBXResourcesBuildPhase;
			buildActionMask = 2147483647;
			files = (
				B13F0E701D1AEB7C0004DAC0 /* LaunchScreen.storyboard in Resources */,
				B13F0E6D1D1AEB7C0004DAC0 /* Assets.xcassets in Resources */,
				B13F0E6B1D1AEB7C0004DAC0 /* Main.storyboard in Resources */,
			);
			runOnlyForDeploymentPostprocessing = 0;
		};
/* End PBXResourcesBuildPhase section */

/* Begin PBXShellScriptBuildPhase section */
		D312A69C3196FC0550EC6233 /* [CP] Copy Pods Resources */ = {
			isa = PBXShellScriptBuildPhase;
			buildActionMask = 2147483647;
			files = (
			);
			inputPaths = (
			);
			name = "[CP] Copy Pods Resources";
			outputPaths = (
			);
			runOnlyForDeploymentPostprocessing = 0;
			shellPath = /bin/sh;
			shellScript = "\"${SRCROOT}/Pods/Target Support Files/Pods-TestReactiveCocoaIntsall/Pods-TestReactiveCocoaIntsall-resources.sh\"\n";
			showEnvVarsInLog = 0;
		};
		DA8F6FB2522EE30EE6C0D911 /* [CP] Check Pods Manifest.lock */ = {
			isa = PBXShellScriptBuildPhase;
			buildActionMask = 2147483647;
			files = (
			);
			inputPaths = (
			);
			name = "[CP] Check Pods Manifest.lock";
			outputPaths = (
			);
			runOnlyForDeploymentPostprocessing = 0;
			shellPath = /bin/sh;
			shellScript = "diff \"${PODS_ROOT}/../Podfile.lock\" \"${PODS_ROOT}/Manifest.lock\" > /dev/null\nif [[ $? != 0 ]] ; then\n    cat << EOM\nerror: The sandbox is not in sync with the Podfile.lock. Run 'pod install' or update your CocoaPods installation.\nEOM\n    exit 1\nfi\n";
			showEnvVarsInLog = 0;
		};
		DB85A2E385D9038E651DF85F /* [CP] Embed Pods Frameworks */ = {
			isa = PBXShellScriptBuildPhase;
			buildActionMask = 2147483647;
			files = (
			);
			inputPaths = (
			);
			name = "[CP] Embed Pods Frameworks";
			outputPaths = (
			);
			runOnlyForDeploymentPostprocessing = 0;
			shellPath = /bin/sh;
			shellScript = "\"${SRCROOT}/Pods/Target Support Files/Pods-TestReactiveCocoaIntsall/Pods-TestReactiveCocoaIntsall-frameworks.sh\"\n";
			showEnvVarsInLog = 0;
		};
/* End PBXShellScriptBuildPhase section */

/* Begin PBXSourcesBuildPhase section */
		B13F0E5E1D1AEB7B0004DAC0 /* Sources */ = {
			isa = PBXSourcesBuildPhase;
			buildActionMask = 2147483647;
			files = (
				B13F0E681D1AEB7C0004DAC0 /* ViewController.swift in Sources */,
				B13F0E661D1AEB7C0004DAC0 /* AppDelegate.swift in Sources */,
			);
			runOnlyForDeploymentPostprocessing = 0;
		};
/* End PBXSourcesBuildPhase section */

/* Begin PBXVariantGroup section */
		B13F0E691D1AEB7C0004DAC0 /* Main.storyboard */ = {
			isa = PBXVariantGroup;
			children = (
				B13F0E6A1D1AEB7C0004DAC0 /* Base */,
			);
			name = Main.storyboard;
			sourceTree = "<group>";
		};
		B13F0E6E1D1AEB7C0004DAC0 /* LaunchScreen.storyboard */ = {
			isa = PBXVariantGroup;
			children = (
				B13F0E6F1D1AEB7C0004DAC0 /* Base */,
			);
			name = LaunchScreen.storyboard;
			sourceTree = "<group>";
		};
/* End PBXVariantGroup section */

/* Begin XCBuildConfiguration section */
		B13F0E721D1AEB7C0004DAC0 /* Debug */ = {
			isa = XCBuildConfiguration;
			buildSettings = {
				ALWAYS_SEARCH_USER_PATHS = NO;
				CLANG_ANALYZER_NONNULL = YES;
				CLANG_CXX_LANGUAGE_STANDARD = "gnu++0x";
				CLANG_CXX_LIBRARY = "libc++";
				CLANG_ENABLE_MODULES = YES;
				CLANG_ENABLE_OBJC_ARC = YES;
				CLANG_WARN_BOOL_CONVERSION = YES;
				CLANG_WARN_CONSTANT_CONVERSION = YES;
				CLANG_WARN_DIRECT_OBJC_ISA_USAGE = YES_ERROR;
				CLANG_WARN_EMPTY_BODY = YES;
				CLANG_WARN_ENUM_CONVERSION = YES;
				CLANG_WARN_INT_CONVERSION = YES;
				CLANG_WARN_OBJC_ROOT_CLASS = YES_ERROR;
				CLANG_WARN_UNREACHABLE_CODE = YES;
				CLANG_WARN__DUPLICATE_METHOD_MATCH = YES;
				"CODE_SIGN_IDENTITY[sdk=iphoneos*]" = "iPhone Developer";
				COPY_PHASE_STRIP = NO;
				DEBUG_INFORMATION_FORMAT = dwarf;
				ENABLE_STRICT_OBJC_MSGSEND = YES;
				ENABLE_TESTABILITY = YES;
				GCC_C_LANGUAGE_STANDARD = gnu99;
				GCC_DYNAMIC_NO_PIC = NO;
				GCC_NO_COMMON_BLOCKS = YES;
				GCC_OPTIMIZATION_LEVEL = 0;
				GCC_PREPROCESSOR_DEFINITIONS = (
					"DEBUG=1",
					"$(inherited)",
				);
				GCC_WARN_64_TO_32_BIT_CONVERSION = YES;
				GCC_WARN_ABOUT_RETURN_TYPE = YES_ERROR;
				GCC_WARN_UNDECLARED_SELECTOR = YES;
				GCC_WARN_UNINITIALIZED_AUTOS = YES_AGGRESSIVE;
				GCC_WARN_UNUSED_FUNCTION = YES;
				GCC_WARN_UNUSED_VARIABLE = YES;
				IPHONEOS_DEPLOYMENT_TARGET = 9.3;
				MTL_ENABLE_DEBUG_INFO = YES;
				ONLY_ACTIVE_ARCH = YES;
				SDKROOT = iphoneos;
				SWIFT_OPTIMIZATION_LEVEL = "-Onone";
			};
			name = Debug;
		};
		B13F0E731D1AEB7C0004DAC0 /* Release */ = {
			isa = XCBuildConfiguration;
			buildSettings = {
				ALWAYS_SEARCH_USER_PATHS = NO;
				CLANG_ANALYZER_NONNULL = YES;
				CLANG_CXX_LANGUAGE_STANDARD = "gnu++0x";
				CLANG_CXX_LIBRARY = "libc++";
				CLANG_ENABLE_MODULES = YES;
				CLANG_ENABLE_OBJC_ARC = YES;
				CLANG_WARN_BOOL_CONVERSION = YES;
				CLANG_WARN_CONSTANT_CONVERSION = YES;
				CLANG_WARN_DIRECT_OBJC_ISA_USAGE = YES_ERROR;
				CLANG_WARN_EMPTY_BODY = YES;
				CLANG_WARN_ENUM_CONVERSION = YES;
				CLANG_WARN_INT_CONVERSION = YES;
				CLANG_WARN_OBJC_ROOT_CLASS = YES_ERROR;
				CLANG_WARN_UNREACHABLE_CODE = YES;
				CLANG_WARN__DUPLICATE_METHOD_MATCH = YES;
				"CODE_SIGN_IDENTITY[sdk=iphoneos*]" = "iPhone Developer";
				COPY_PHASE_STRIP = NO;
				DEBUG_INFORMATION_FORMAT = "dwarf-with-dsym";
				ENABLE_NS_ASSERTIONS = NO;
				ENABLE_STRICT_OBJC_MSGSEND = YES;
				GCC_C_LANGUAGE_STANDARD = gnu99;
				GCC_NO_COMMON_BLOCKS = YES;
				GCC_WARN_64_TO_32_BIT_CONVERSION = YES;
				GCC_WARN_ABOUT_RETURN_TYPE = YES_ERROR;
				GCC_WARN_UNDECLARED_SELECTOR = YES;
				GCC_WARN_UNINITIALIZED_AUTOS = YES_AGGRESSIVE;
				GCC_WARN_UNUSED_FUNCTION = YES;
				GCC_WARN_UNUSED_VARIABLE = YES;
				IPHONEOS_DEPLOYMENT_TARGET = 9.3;
				MTL_ENABLE_DEBUG_INFO = NO;
				SDKROOT = iphoneos;
				VALIDATE_PRODUCT = YES;
			};
			name = Release;
		};
		B13F0E751D1AEB7C0004DAC0 /* Debug */ = {
			isa = XCBuildConfiguration;
			baseConfigurationReference = 33E6013A27B97E9CC81AD057 /* Pods-TestReactiveCocoaIntsall.debug.xcconfig */;
			buildSettings = {
				ASSETCATALOG_COMPILER_APPICON_NAME = AppIcon;
				INFOPLIST_FILE = TestReactiveCocoaIntsall/Info.plist;
				IPHONEOS_DEPLOYMENT_TARGET = 8.0;
				LD_RUNPATH_SEARCH_PATHS = "$(inherited) @executable_path/Frameworks";
				PRODUCT_BUNDLE_IDENTIFIER = prolific.TestReactiveCocoaIntsall;
				PRODUCT_NAME = "$(TARGET_NAME)";
			};
			name = Debug;
		};
		B13F0E761D1AEB7C0004DAC0 /* Release */ = {
			isa = XCBuildConfiguration;
			baseConfigurationReference = 92ED9FC175C64BB98476FC24 /* Pods-TestReactiveCocoaIntsall.release.xcconfig */;
			buildSettings = {
				ASSETCATALOG_COMPILER_APPICON_NAME = AppIcon;
				INFOPLIST_FILE = TestReactiveCocoaIntsall/Info.plist;
				IPHONEOS_DEPLOYMENT_TARGET = 8.0;
				LD_RUNPATH_SEARCH_PATHS = "$(inherited) @executable_path/Frameworks";
				PRODUCT_BUNDLE_IDENTIFIER = prolific.TestReactiveCocoaIntsall;
				PRODUCT_NAME = "$(TARGET_NAME)";
			};
			name = Release;
		};
/* End XCBuildConfiguration section */

/* Begin XCConfigurationList section */
		B13F0E5D1D1AEB7B0004DAC0 /* Build configuration list for PBXProject "TestReactiveCocoaIntsall" */ = {
			isa = XCConfigurationList;
			buildConfigurations = (
				B13F0E721D1AEB7C0004DAC0 /* Debug */,
				B13F0E731D1AEB7C0004DAC0 /* Release */,
			);
			defaultConfigurationIsVisible = 0;
			defaultConfigurationName = Release;
		};
		B13F0E741D1AEB7C0004DAC0 /* Build configuration list for PBXNativeTarget "TestReactiveCocoaIntsall" */ = {
			isa = XCConfigurationList;
			buildConfigurations = (
				B13F0E751D1AEB7C0004DAC0 /* Debug */,
				B13F0E761D1AEB7C0004DAC0 /* Release */,
			);
			defaultConfigurationIsVisible = 0;
			defaultConfigurationName = Release;
		};
/* End XCConfigurationList section */
	};
	rootObject = B13F0E5A1D1AEB7B0004DAC0 /* Project object */;
}
